
Microsoft Visual Studio Solution File, Format Version 12.00
# Visual Studio Version 17
VisualStudioVersion = 17.2.32616.157
MinimumVisualStudioVersion = 10.0.40219.1
Project("{FAE04EC0-301F-11D3-BF4B-00C04F79EFBC}") = "SnakeAndLadder", "SnakeAndLadder.csproj", "{44BAC67F-E3A2-4560-881E-47AE9344756D}"
EndProject
Global
	GlobalSection(SolutionConfigurationPlatforms) = preSolution
		Debug|Any CPU = Debug|Any CPU
		Release|Any CPU = Release|Any CPU
	EndGlobalSection
	GlobalSection(ProjectConfigurationPlatforms) = postSolution
		{44BAC67F-E3A2-4560-881E-47AE9344756D}.Debug|Any CPU.ActiveCfg = Debug|Any CPU
		{44BAC67F-E3A2-4560-881E-47AE9344756D}.Debug|Any CPU.Build.0 = Debug|Any CPU
		{44BAC67F-E3A2-4560-881E-47AE9344756D}.Release|Any CPU.ActiveCfg = Release|Any CPU
		{44BAC67F-E3A2-4560-881E-47AE9344756D}.Release|Any CPU.Build.0 = Release|Any CPU
	EndGlobalSection
	GlobalSection(SolutionProperties) = preSolution
		HideSolutionNode = FALSE
	EndGlobalSection
	GlobalSection(ExtensibilityGlobals) = postSolution
		SolutionGuid = {5D91A4DA-96BF-4051-9E3A-95963F4F8901}
	EndGlobalSection
EndGlobal
